# This file is automatically @generated by Cargo.
# It is not intended for manual editing.
version = 3

[[package]]
name = "adler"
version = "1.0.2"
source = "registry+https://github.com/rust-lang/crates.io-index"
checksum = "f26201604c87b1e01bd3d98f8d5d9a8fcbb815e8cedb41ffccbeb4bf593a35fe"

[[package]]
name = "ahash"
version = "0.7.8"
source = "registry+https://github.com/rust-lang/crates.io-index"
checksum = "891477e0c6a8957309ee5c45a6368af3ae14bb510732d2684ffa19af310920f9"
dependencies = [
 "getrandom 0.2.12",
 "once_cell",
 "version_check",
]

[[package]]
name = "aho-corasick"
version = "1.1.3"
source = "registry+https://github.com/rust-lang/crates.io-index"
checksum = "8e60d3430d3a69478ad0993f19238d2df97c507009a52b3c10addcd7f6bcb916"
dependencies = [
 "memchr",
]

[[package]]
name = "always-success"
version = "0.1.0"
dependencies = [
 "ckb-std",
]

[[package]]
name = "anyhow"
version = "1.0.81"
source = "registry+https://github.com/rust-lang/crates.io-index"
checksum = "0952808a6c2afd1aa8947271f3a60f1a6763c7b912d210184c5149b5cf147247"

[[package]]
name = "autocfg"
version = "1.2.0"
source = "registry+https://github.com/rust-lang/crates.io-index"
checksum = "f1fdabc7756949593fe60f30ec81974b613357de856987752631dea1e3394c80"

[[package]]
name = "bit-vec"
version = "0.6.3"
source = "registry+https://github.com/rust-lang/crates.io-index"
checksum = "349f9b6a179ed607305526ca489b34ad0a41aed5f7980fa90eb03160b69598fb"

[[package]]
name = "bitflags"
version = "1.3.2"
source = "registry+https://github.com/rust-lang/crates.io-index"
checksum = "bef38d45163c2f1dde094a7dfd33ccf595c92905c8f8f4fdc18d06fb1037718a"

[[package]]
name = "blake2b-ref"
version = "0.3.1"
source = "registry+https://github.com/rust-lang/crates.io-index"
checksum = "294d17c72e0ba59fad763caa112368d0672083779cdebbb97164f4bb4c1e339a"

[[package]]
name = "blake2b-rs"
version = "0.2.0"
source = "registry+https://github.com/rust-lang/crates.io-index"
checksum = "a89a8565807f21b913288968e391819e7f9b2f0f46c7b89549c051cccf3a2771"
dependencies = [
 "cc",
 "cty",
]

[[package]]
name = "buddy-alloc"
version = "0.5.1"
source = "registry+https://github.com/rust-lang/crates.io-index"
checksum = "1f0d2da64a6a895d5a7e0724882825d50f83c13396b1b9f1878e19a024bab395"

[[package]]
name = "byteorder"
version = "1.5.0"
source = "registry+https://github.com/rust-lang/crates.io-index"
checksum = "1fd0f2584146f6f2ef48085050886acf353beff7305ebd1ae69500e27c67f64b"

[[package]]
name = "bytes"
version = "1.6.0"
source = "registry+https://github.com/rust-lang/crates.io-index"
checksum = "514de17de45fdb8dc022b1a7975556c53c86f9f0aa5f534b98977b171857c2c9"
dependencies = [
 "serde",
]

[[package]]
name = "cc"
version = "1.0.90"
source = "registry+https://github.com/rust-lang/crates.io-index"
checksum = "8cd6604a82acf3039f1144f54b8eb34e91ffba622051189e71b781822d5ee1f5"

[[package]]
name = "cfg-if"
version = "1.0.0"
source = "registry+https://github.com/rust-lang/crates.io-index"
checksum = "baf1de4339761588bc0619e3cbc0120ee582ebb74b53b4efbf79117bd2da40fd"

[[package]]
name = "ckb-always-success-script"
version = "0.0.1"
source = "registry+https://github.com/rust-lang/crates.io-index"
checksum = "8b3b72a38c9920a29990df12002c4d069a147c8782f0c211f8a01b2df8f42bfd"

[[package]]
name = "ckb-chain-spec"
version = "0.112.1"
source = "registry+https://github.com/rust-lang/crates.io-index"
checksum = "fa9b89cadf419c220fa8e1c655af73540bbc010e8c0e177127644848a25830c2"
dependencies = [
 "ckb-constant",
 "ckb-crypto",
 "ckb-dao-utils",
 "ckb-error",
 "ckb-hash",
 "ckb-jsonrpc-types",
 "ckb-pow",
 "ckb-rational",
 "ckb-resource",
 "ckb-traits",
 "ckb-types",
 "ckb-util",
 "serde",
 "toml",
]

[[package]]
name = "ckb-channel"
version = "0.112.1"
source = "registry+https://github.com/rust-lang/crates.io-index"
checksum = "82c904fe3e29474e4d09e8e2775a472456242f8faf18edeeb8c71502710daa38"
dependencies = [
 "crossbeam-channel",
]

[[package]]
name = "ckb-constant"
version = "0.112.1"
source = "registry+https://github.com/rust-lang/crates.io-index"
checksum = "c7d562e7156216f00c5bf55c8f4c86bc25f9ec0603fcfa6df9b66747462a031a"

[[package]]
name = "ckb-crypto"
version = "0.112.1"
source = "registry+https://github.com/rust-lang/crates.io-index"
checksum = "abac585cec6f1562e374d66b369c55a52357b33a632d30d2e45cbc455183b22d"
dependencies = [
 "ckb-fixed-hash",
 "faster-hex",
 "lazy_static",
 "rand 0.7.3",
 "secp256k1",
 "thiserror",
]

[[package]]
name = "ckb-dao"
version = "0.112.1"
source = "registry+https://github.com/rust-lang/crates.io-index"
checksum = "13c6b5b85ebe6e02bebcc1f1a4db28f1594e1a9e43e8922c05175459f798e844"
dependencies = [
 "byteorder",
 "ckb-chain-spec",
 "ckb-dao-utils",
 "ckb-traits",
 "ckb-types",
]

[[package]]
name = "ckb-dao-utils"
version = "0.112.1"
source = "registry+https://github.com/rust-lang/crates.io-index"
checksum = "ff55485163b842c94061b755c9e6230d1a4bb092b6bc81d8387358911c750e70"
dependencies = [
 "byteorder",
 "ckb-error",
 "ckb-types",
]

[[package]]
name = "ckb-error"
version = "0.112.1"
source = "registry+https://github.com/rust-lang/crates.io-index"
checksum = "b8418901ea0d15a8e26255bec0b71be5c59056858f51968894796f77f7eefa3e"
dependencies = [
 "anyhow",
 "ckb-occupied-capacity",
 "derive_more",
 "thiserror",
]

[[package]]
name = "ckb-fixed-hash"
version = "0.112.1"
source = "registry+https://github.com/rust-lang/crates.io-index"
checksum = "1254aafda84e9abc85301e9e4c5b920c00a9bff0d42248fccf921b340ec5f13e"
dependencies = [
 "ckb-fixed-hash-core",
 "ckb-fixed-hash-macros",
]

[[package]]
name = "ckb-fixed-hash-core"
version = "0.112.1"
source = "registry+https://github.com/rust-lang/crates.io-index"
checksum = "5ffc2850ac8b5643c65913185020de747b290b447d1ee1fd59a2cfdf1a7ceb4f"
dependencies = [
 "faster-hex",
 "serde",
 "thiserror",
]

[[package]]
name = "ckb-fixed-hash-macros"
version = "0.112.1"
source = "registry+https://github.com/rust-lang/crates.io-index"
checksum = "baa5a19a7d18caa5a3a65e66506e28943e95696e286df44457a77692319de429"
dependencies = [
 "ckb-fixed-hash-core",
 "proc-macro2",
 "quote",
 "syn 1.0.109",
]

[[package]]
name = "ckb-gen-types"
version = "0.112.1"
source = "registry+https://github.com/rust-lang/crates.io-index"
checksum = "4a12020d50dd3757cde0fdc88d3837b7a2ab503fe38bd11be86ddace11318c77"
dependencies = [
 "cfg-if",
 "ckb-error",
 "ckb-fixed-hash",
 "ckb-hash",
 "ckb-occupied-capacity",
 "molecule",
 "numext-fixed-uint",
]

[[package]]
name = "ckb-hash"
version = "0.112.1"
source = "registry+https://github.com/rust-lang/crates.io-index"
checksum = "25af660fc8746f7c756444e6aa47ede9a874206563b6a1ce1b230a5b86519392"
dependencies = [
 "blake2b-ref",
 "blake2b-rs",
]

[[package]]
name = "ckb-jsonrpc-types"
version = "0.112.1"
source = "registry+https://github.com/rust-lang/crates.io-index"
checksum = "06798b5bacd7fd4125a34f1c9ebf45be59d50aff0ada003bb8b1c6634a447c73"
dependencies = [
 "ckb-types",
 "faster-hex",
 "serde",
 "serde_json",
]

[[package]]
name = "ckb-logger"
version = "0.112.1"
source = "registry+https://github.com/rust-lang/crates.io-index"
checksum = "4c8d8de618d1dbc59ba9e6338a55d17f370f89aa009064dcbdd7eb0c8e8782fe"
dependencies = [
 "log",
]

[[package]]
name = "ckb-merkle-mountain-range"
version = "0.5.2"
source = "registry+https://github.com/rust-lang/crates.io-index"
checksum = "56ccb671c5921be8a84686e6212ca184cb1d7c51cadcdbfcbd1cc3f042f5dfb8"
dependencies = [
 "cfg-if",
]

[[package]]
name = "ckb-mock-tx-types"
version = "0.112.1"
source = "registry+https://github.com/rust-lang/crates.io-index"
checksum = "accabfa378c927109844630e4c90e0d7e7e6d6a9174c232f194f490b09e4b757"
dependencies = [
 "ckb-jsonrpc-types",
 "ckb-traits",
 "ckb-types",
 "serde",
]

[[package]]
name = "ckb-occupied-capacity"
version = "0.112.1"
source = "registry+https://github.com/rust-lang/crates.io-index"
checksum = "be7132362f12a0495b3b24218afb4e774f9dc0d9254173d2444ec4ac1447461e"
dependencies = [
 "ckb-occupied-capacity-core",
 "ckb-occupied-capacity-macros",
]

[[package]]
name = "ckb-occupied-capacity-core"
version = "0.112.1"
source = "registry+https://github.com/rust-lang/crates.io-index"
checksum = "a4ebe8725d6ee4feb9d376e9a600b2c78cc1dbde5aa754c9a47de871ab917635"
dependencies = [
 "serde",
]

[[package]]
name = "ckb-occupied-capacity-macros"
version = "0.112.1"
source = "registry+https://github.com/rust-lang/crates.io-index"
checksum = "201a21d35a377b76440ce12ca62b39e548d019a6330fbdcb40ac0f73fe976cb3"
dependencies = [
 "ckb-occupied-capacity-core",
 "quote",
 "syn 1.0.109",
]

[[package]]
name = "ckb-pow"
version = "0.112.1"
source = "registry+https://github.com/rust-lang/crates.io-index"
checksum = "5895b4799fbb7e537ef0a778493b8f8678284c2bb20b476edce3f3375d1c4aa1"
dependencies = [
 "byteorder",
 "ckb-hash",
 "ckb-types",
 "eaglesong",
 "log",
 "serde",
]

[[package]]
name = "ckb-rational"
version = "0.112.1"
source = "registry+https://github.com/rust-lang/crates.io-index"
checksum = "5134dae6f59b1c10457d2a5def081865407e756dd42dd4c7aaf5d6c6bc92b6d1"
dependencies = [
 "numext-fixed-uint",
 "serde",
]

[[package]]
name = "ckb-resource"
version = "0.112.1"
source = "registry+https://github.com/rust-lang/crates.io-index"
checksum = "a3c79b7c1586ca652d150b2cfdc5ec8594055659f04e30f832178a14313cfff4"
dependencies = [
 "ckb-system-scripts",
 "ckb-types",
 "includedir",
 "includedir_codegen",
 "phf",
 "serde",
 "walkdir",
]

[[package]]
name = "ckb-script"
version = "0.112.1"
source = "registry+https://github.com/rust-lang/crates.io-index"
checksum = "058cb8c72a706bfc95c9b90f7c0256abbc4f44e9c5cabcbf7d1d882df977e82b"
dependencies = [
 "byteorder",
 "ckb-chain-spec",
 "ckb-error",
 "ckb-hash",
 "ckb-logger",
 "ckb-traits",
 "ckb-types",
 "ckb-vm",
 "faster-hex",
 "serde",
]

[[package]]
name = "ckb-std"
version = "0.15.3"
source = "registry+https://github.com/rust-lang/crates.io-index"
checksum = "9357d9464ed36a8e542a7d588e894aff25ccb0cdd66221ac94e76bc69ca3ad55"
dependencies = [
 "buddy-alloc",
 "cc",
 "ckb-gen-types",
 "gcd",
]

[[package]]
name = "ckb-system-scripts"
version = "0.5.4"
source = "registry+https://github.com/rust-lang/crates.io-index"
checksum = "fa5c59063142de7a68cfad4449c6b3863563856219a2925dfb8c5f019ec2aa47"
dependencies = [
 "blake2b-rs",
 "faster-hex",
 "includedir",
 "includedir_codegen",
 "phf",
]

[[package]]
name = "ckb-systemtime"
version = "0.112.1"
source = "registry+https://github.com/rust-lang/crates.io-index"
checksum = "ace369d09f2a4d5d0e0b97359cf34e3282a5a90171f685e8bbab1aa21e80cd54"

[[package]]
name = "ckb-testtool"
version = "0.10.2"
source = "registry+https://github.com/rust-lang/crates.io-index"
checksum = "3ed25ee2af0e899736bb95e4fd1dd4c89f03dd8ae0061ae708b83e405d394431"
dependencies = [
 "ckb-always-success-script",
 "ckb-chain-spec",
 "ckb-crypto",
 "ckb-error",
 "ckb-hash",
 "ckb-jsonrpc-types",
 "ckb-mock-tx-types",
 "ckb-resource",
 "ckb-script",
 "ckb-traits",
 "ckb-types",
 "ckb-verification",
 "lazy_static",
 "rand 0.8.5",
]

[[package]]
name = "ckb-traits"
version = "0.112.1"
source = "registry+https://github.com/rust-lang/crates.io-index"
checksum = "3396b8f328bc76bdfd9bc14ddd984a07d08120cd4e661ba1dc23fecb3a7607a3"
dependencies = [
 "ckb-types",
]

[[package]]
name = "ckb-types"
version = "0.112.1"
source = "registry+https://github.com/rust-lang/crates.io-index"
checksum = "2df7c7410664bc917f1b663c574ec7c0e25711fe4f63eb0043c47c197afb0875"
dependencies = [
 "bit-vec",
 "bytes",
 "ckb-channel",
 "ckb-constant",
 "ckb-error",
 "ckb-fixed-hash",
 "ckb-gen-types",
 "ckb-hash",
 "ckb-merkle-mountain-range",
 "ckb-occupied-capacity",
 "ckb-rational",
 "derive_more",
 "golomb-coded-set",
 "merkle-cbt",
 "molecule",
 "numext-fixed-uint",
 "once_cell",
 "paste",
]

[[package]]
name = "ckb-util"
version = "0.112.1"
source = "registry+https://github.com/rust-lang/crates.io-index"
checksum = "9e6326a9adcfe1f4afa14f1a0da267e5718873e28cc271a5e03fc57ff02ce233"
dependencies = [
 "linked-hash-map",
 "once_cell",
 "parking_lot",
 "regex",
]

[[package]]
name = "ckb-verification"
version = "0.112.1"
source = "registry+https://github.com/rust-lang/crates.io-index"
checksum = "56d157e70aea7d47af07b96415c952a7d97810572c659f8da2e9ecb6f98a1c7c"
dependencies = [
 "ckb-chain-spec",
 "ckb-dao",
 "ckb-dao-utils",
 "ckb-error",
 "ckb-pow",
 "ckb-script",
 "ckb-systemtime",
 "ckb-traits",
 "ckb-types",
 "ckb-verification-traits",
 "derive_more",
 "lru",
]

[[package]]
name = "ckb-verification-traits"
version = "0.112.1"
source = "registry+https://github.com/rust-lang/crates.io-index"
checksum = "d43456c274b362c89a18388a95418f18adfebb3ab25950a09e267f00284e66fd"
dependencies = [
 "bitflags",
 "ckb-error",
]

[[package]]
name = "ckb-vm"
version = "0.24.6"
source = "registry+https://github.com/rust-lang/crates.io-index"
checksum = "0cc004a826b9bc9319ffae0b8415690e1b5f1482266d55fbd43843aa40ddcd63"
dependencies = [
 "byteorder",
 "bytes",
 "cc",
 "ckb-vm-definitions",
 "derive_more",
 "goblin 0.2.3",
 "goblin 0.4.0",
 "rand 0.7.3",
 "scroll",
 "serde",
]

[[package]]
name = "ckb-vm-definitions"
version = "0.24.6"
source = "registry+https://github.com/rust-lang/crates.io-index"
checksum = "c4ced3ff9d79b53d93c106720f6c1f855694290e33581850e05c859500eee83f"
dependencies = [
 "paste",
]

[[package]]
name = "convert_case"
version = "0.4.0"
source = "registry+https://github.com/rust-lang/crates.io-index"
checksum = "6245d59a3e82a7fc217c5828a6692dbc6dfb63a0c8c90495621f7b9d79704a0e"

[[package]]
name = "crc32fast"
version = "1.4.0"
source = "registry+https://github.com/rust-lang/crates.io-index"
checksum = "b3855a8a784b474f333699ef2bbca9db2c4a1f6d9088a90a2d25b1eb53111eaa"
dependencies = [
 "cfg-if",
]

[[package]]
name = "crossbeam-channel"
version = "0.5.12"
source = "registry+https://github.com/rust-lang/crates.io-index"
checksum = "ab3db02a9c5b5121e1e42fbdb1aeb65f5e02624cc58c43f2884c6ccac0b82f95"
dependencies = [
 "crossbeam-utils",
]

[[package]]
name = "crossbeam-utils"
version = "0.8.19"
source = "registry+https://github.com/rust-lang/crates.io-index"
checksum = "248e3bacc7dc6baa3b21e405ee045c3047101a49145e7e9eca583ab4c2ca5345"

[[package]]
name = "cty"
version = "0.2.2"
source = "registry+https://github.com/rust-lang/crates.io-index"
checksum = "b365fabc795046672053e29c954733ec3b05e4be654ab130fe8f1f94d7051f35"

[[package]]
name = "derive_more"
version = "0.99.17"
source = "registry+https://github.com/rust-lang/crates.io-index"
checksum = "4fb810d30a7c1953f91334de7244731fc3f3c10d7fe163338a35b9f640960321"
dependencies = [
 "convert_case",
 "proc-macro2",
 "quote",
 "rustc_version",
 "syn 1.0.109",
]

[[package]]
name = "eaglesong"
version = "0.1.0"
source = "registry+https://github.com/rust-lang/crates.io-index"
checksum = "8d978bd5d343e8ab9b5c0fc8d93ff9c602fdc96616ffff9c05ac7a155419b824"

[[package]]
name = "faster-hex"
version = "0.6.1"
source = "registry+https://github.com/rust-lang/crates.io-index"
checksum = "51e2ce894d53b295cf97b05685aa077950ff3e8541af83217fc720a6437169f8"

[[package]]
name = "flate2"
version = "1.0.28"
source = "registry+https://github.com/rust-lang/crates.io-index"
checksum = "46303f565772937ffe1d394a4fac6f411c6013172fadde9dcdb1e147a086940e"
dependencies = [
 "crc32fast",
 "miniz_oxide",
]

[[package]]
name = "gcd"
version = "2.3.0"
source = "registry+https://github.com/rust-lang/crates.io-index"
checksum = "1d758ba1b47b00caf47f24925c0074ecb20d6dfcffe7f6d53395c0465674841a"

[[package]]
name = "getrandom"
version = "0.1.16"
source = "registry+https://github.com/rust-lang/crates.io-index"
checksum = "8fc3cb4d91f53b50155bdcfd23f6a4c39ae1969c2ae85982b135750cccaf5fce"
dependencies = [
 "cfg-if",
 "libc",
 "wasi 0.9.0+wasi-snapshot-preview1",
]

[[package]]
name = "getrandom"
version = "0.2.12"
source = "registry+https://github.com/rust-lang/crates.io-index"
checksum = "190092ea657667030ac6a35e305e62fc4dd69fd98ac98631e5d3a2b1575a12b5"
dependencies = [
 "cfg-if",
 "libc",
 "wasi 0.11.0+wasi-snapshot-preview1",
]

[[package]]
name = "goblin"
version = "0.2.3"
source = "registry+https://github.com/rust-lang/crates.io-index"
checksum = "d20fd25aa456527ce4f544271ae4fea65d2eda4a6561ea56f39fb3ee4f7e3884"
dependencies = [
 "log",
 "plain",
 "scroll",
]

[[package]]
name = "goblin"
version = "0.4.0"
source = "registry+https://github.com/rust-lang/crates.io-index"
checksum = "532a09cd3df2c6bbfc795fb0434bff8f22255d1d07328180e918a2e6ce122d4d"
dependencies = [
 "log",
 "plain",
 "scroll",
]

[[package]]
name = "golomb-coded-set"
version = "0.2.0"
source = "registry+https://github.com/rust-lang/crates.io-index"
checksum = "4c7076c0cd6257d84b785b0f22c36443dd47a5e86a1256d7ef82c8cb88ea9a7e"
dependencies = [
 "siphasher",
]

[[package]]
name = "hashbrown"
version = "0.12.3"
source = "registry+https://github.com/rust-lang/crates.io-index"
checksum = "8a9ee70c43aaf417c914396645a0fa852624801b24ebb7ae78fe8272889ac888"
dependencies = [
 "ahash",
]

[[package]]
name = "heapsize"
version = "0.4.2"
source = "registry+https://github.com/rust-lang/crates.io-index"
checksum = "1679e6ea370dee694f91f1dc469bf94cf8f52051d147aec3e1f9497c6fc22461"
dependencies = [
 "winapi",
]

[[package]]
name = "includedir"
version = "0.6.0"
source = "registry+https://github.com/rust-lang/crates.io-index"
checksum = "afd126bd778c00c43a9dc76d1609a0894bf4222088088b2217ccc0ce9e816db7"
dependencies = [
 "flate2",
 "phf",
]

[[package]]
name = "includedir_codegen"
version = "0.6.0"
source = "registry+https://github.com/rust-lang/crates.io-index"
checksum = "0ac1500c9780957c9808c4ec3b94002f35aab01483833f5a8bce7dfb243e3148"
dependencies = [
 "flate2",
 "phf_codegen",
 "walkdir",
]

[[package]]
name = "itoa"
version = "1.0.11"
source = "registry+https://github.com/rust-lang/crates.io-index"
checksum = "49f1f14873335454500d59611f1cf4a4b0f786f9ac11f4312a78e4cf2566695b"

[[package]]
name = "lazy_static"
version = "1.4.0"
source = "registry+https://github.com/rust-lang/crates.io-index"
checksum = "e2abad23fbc42b3700f2f279844dc832adb2b2eb069b2df918f455c4e18cc646"

[[package]]
name = "libc"
version = "0.2.153"
source = "registry+https://github.com/rust-lang/crates.io-index"
checksum = "9c198f91728a82281a64e1f4f9eeb25d82cb32a5de251c6bd1b5154d63a8e7bd"

[[package]]
name = "linked-hash-map"
version = "0.5.6"
source = "registry+https://github.com/rust-lang/crates.io-index"
checksum = "0717cef1bc8b636c6e1c1bbdefc09e6322da8a9321966e8928ef80d20f7f770f"
dependencies = [
 "serde",
]

[[package]]
name = "lock_api"
version = "0.4.11"
source = "registry+https://github.com/rust-lang/crates.io-index"
checksum = "3c168f8615b12bc01f9c17e2eb0cc07dcae1940121185446edc3744920e8ef45"
dependencies = [
 "autocfg",
 "scopeguard",
]

[[package]]
name = "log"
version = "0.4.21"
source = "registry+https://github.com/rust-lang/crates.io-index"
checksum = "90ed8c1e510134f979dbc4f070f87d4313098b704861a105fe34231c70a3901c"

[[package]]
name = "lru"
version = "0.7.8"
source = "registry+https://github.com/rust-lang/crates.io-index"
checksum = "e999beba7b6e8345721bd280141ed958096a2e4abdf74f67ff4ce49b4b54e47a"
dependencies = [
 "hashbrown",
]

[[package]]
name = "memchr"
version = "2.7.2"
source = "registry+https://github.com/rust-lang/crates.io-index"
checksum = "6c8640c5d730cb13ebd907d8d04b52f55ac9a2eec55b440c8892f40d56c76c1d"

[[package]]
name = "merkle-cbt"
version = "0.3.2"
source = "registry+https://github.com/rust-lang/crates.io-index"
checksum = "171d2f700835121c3b04ccf0880882987a050fd5c7ae88148abf537d33dd3a56"
dependencies = [
 "cfg-if",
]

[[package]]
name = "miniz_oxide"
version = "0.7.2"
source = "registry+https://github.com/rust-lang/crates.io-index"
checksum = "9d811f3e15f28568be3407c8e7fdb6514c1cda3cb30683f15b6a1a1dc4ea14a7"
dependencies = [
 "adler",
]

[[package]]
name = "molecule"
version = "0.7.5"
source = "registry+https://github.com/rust-lang/crates.io-index"
checksum = "d4fd9767ab5e5f2ea40f71ff4c8bdb633c50509052e093c2fdd0e390a749dfa3"
dependencies = [
 "bytes",
 "cfg-if",
 "faster-hex",
]

[[package]]
name = "numext-constructor"
version = "0.1.6"
source = "registry+https://github.com/rust-lang/crates.io-index"
checksum = "621fe0f044729f810c6815cdd77e8f5e0cd803ce4f6a38380ebfc1322af98661"
dependencies = [
 "proc-macro2",
 "quote",
 "syn 1.0.109",
]

[[package]]
name = "numext-fixed-uint"
version = "0.1.6"
source = "registry+https://github.com/rust-lang/crates.io-index"
checksum = "6c68c76f96d589d1009a666c5072f37f3114d682696505f2cf445f27766c7d70"
dependencies = [
 "numext-fixed-uint-core",
 "numext-fixed-uint-hack",
]

[[package]]
name = "numext-fixed-uint-core"
version = "0.1.6"
source = "registry+https://github.com/rust-lang/crates.io-index"
checksum = "6aab1d6457b97b49482f22a92f0f58a2f39bdd7f3b2f977eae67e8bc206aa980"
dependencies = [
 "heapsize",
 "numext-constructor",
 "rand 0.7.3",
 "serde",
 "thiserror",
]

[[package]]
name = "numext-fixed-uint-hack"
version = "0.1.6"
source = "registry+https://github.com/rust-lang/crates.io-index"
checksum = "0200f8d55c36ec1b6a8cf810115be85d4814f045e0097dfd50033ba25adb4c9e"
dependencies = [
 "numext-fixed-uint-core",
 "proc-macro2",
 "quote",
 "syn 1.0.109",
]

[[package]]
name = "once_cell"
version = "1.19.0"
source = "registry+https://github.com/rust-lang/crates.io-index"
checksum = "3fdb12b2476b595f9358c5161aa467c2438859caa136dec86c26fdd2efe17b92"

[[package]]
name = "parking_lot"
version = "0.12.1"
source = "registry+https://github.com/rust-lang/crates.io-index"
checksum = "3742b2c103b9f06bc9fff0a37ff4912935851bee6d36f3c02bcc755bcfec228f"
dependencies = [
 "lock_api",
 "parking_lot_core",
]

[[package]]
name = "parking_lot_core"
version = "0.9.9"
source = "registry+https://github.com/rust-lang/crates.io-index"
checksum = "4c42a9226546d68acdd9c0a280d17ce19bfe27a46bf68784e4066115788d008e"
dependencies = [
 "cfg-if",
 "libc",
 "redox_syscall",
 "smallvec",
 "windows-targets",
]

[[package]]
name = "paste"
version = "1.0.14"
source = "registry+https://github.com/rust-lang/crates.io-index"
checksum = "de3145af08024dea9fa9914f381a17b8fc6034dfb00f3a84013f7ff43f29ed4c"

[[package]]
name = "phf"
version = "0.8.0"
source = "registry+https://github.com/rust-lang/crates.io-index"
checksum = "3dfb61232e34fcb633f43d12c58f83c1df82962dcdfa565a4e866ffc17dafe12"
dependencies = [
 "phf_shared",
]

[[package]]
name = "phf_codegen"
version = "0.8.0"
source = "registry+https://github.com/rust-lang/crates.io-index"
checksum = "cbffee61585b0411840d3ece935cce9cb6321f01c45477d30066498cd5e1a815"
dependencies = [
 "phf_generator",
 "phf_shared",
]

[[package]]
name = "phf_generator"
version = "0.8.0"
source = "registry+https://github.com/rust-lang/crates.io-index"
checksum = "17367f0cc86f2d25802b2c26ee58a7b23faeccf78a396094c13dced0d0182526"
dependencies = [
 "phf_shared",
 "rand 0.7.3",
]

[[package]]
name = "phf_shared"
version = "0.8.0"
source = "registry+https://github.com/rust-lang/crates.io-index"
checksum = "c00cf8b9eafe68dde5e9eaa2cef8ee84a9336a47d566ec55ca16589633b65af7"
dependencies = [
 "siphasher",
]

[[package]]
name = "plain"
version = "0.2.3"
source = "registry+https://github.com/rust-lang/crates.io-index"
checksum = "b4596b6d070b27117e987119b4dac604f3c58cfb0b191112e24771b2faeac1a6"

[[package]]
name = "ppv-lite86"
version = "0.2.17"
source = "registry+https://github.com/rust-lang/crates.io-index"
checksum = "5b40af805b3121feab8a3c29f04d8ad262fa8e0561883e7653e024ae4479e6de"

[[package]]
name = "proc-macro2"
version = "1.0.79"
source = "registry+https://github.com/rust-lang/crates.io-index"
checksum = "e835ff2298f5721608eb1a980ecaee1aef2c132bf95ecc026a11b7bf3c01c02e"
dependencies = [
 "unicode-ident",
]

[[package]]
name = "quote"
version = "1.0.35"
source = "registry+https://github.com/rust-lang/crates.io-index"
checksum = "291ec9ab5efd934aaf503a6466c5d5251535d108ee747472c3977cc5acc868ef"
dependencies = [
 "proc-macro2",
]

[[package]]
name = "rand"
version = "0.7.3"
source = "registry+https://github.com/rust-lang/crates.io-index"
checksum = "6a6b1679d49b24bbfe0c803429aa1874472f50d9b363131f0e89fc356b544d03"
dependencies = [
 "getrandom 0.1.16",
 "libc",
 "rand_chacha 0.2.2",
 "rand_core 0.5.1",
 "rand_hc",
 "rand_pcg",
]

[[package]]
name = "rand"
version = "0.8.5"
source = "registry+https://github.com/rust-lang/crates.io-index"
checksum = "34af8d1a0e25924bc5b7c43c079c942339d8f0a8b57c39049bef581b46327404"
dependencies = [
 "libc",
 "rand_chacha 0.3.1",
 "rand_core 0.6.4",
]

[[package]]
name = "rand_chacha"
version = "0.2.2"
source = "registry+https://github.com/rust-lang/crates.io-index"
checksum = "f4c8ed856279c9737206bf725bf36935d8666ead7aa69b52be55af369d193402"
dependencies = [
 "ppv-lite86",
 "rand_core 0.5.1",
]

[[package]]
name = "rand_chacha"
version = "0.3.1"
source = "registry+https://github.com/rust-lang/crates.io-index"
checksum = "e6c10a63a0fa32252be49d21e7709d4d4baf8d231c2dbce1eaa8141b9b127d88"
dependencies = [
 "ppv-lite86",
 "rand_core 0.6.4",
]

[[package]]
name = "rand_core"
version = "0.5.1"
source = "registry+https://github.com/rust-lang/crates.io-index"
checksum = "90bde5296fc891b0cef12a6d03ddccc162ce7b2aff54160af9338f8d40df6d19"
dependencies = [
 "getrandom 0.1.16",
]

[[package]]
name = "rand_core"
version = "0.6.4"
source = "registry+https://github.com/rust-lang/crates.io-index"
checksum = "ec0be4795e2f6a28069bec0b5ff3e2ac9bafc99e6a9a7dc3547996c5c816922c"
dependencies = [
 "getrandom 0.2.12",
]

[[package]]
name = "rand_hc"
version = "0.2.0"
source = "registry+https://github.com/rust-lang/crates.io-index"
checksum = "ca3129af7b92a17112d59ad498c6f81eaf463253766b90396d39ea7a39d6613c"
dependencies = [
 "rand_core 0.5.1",
]

[[package]]
name = "rand_pcg"
version = "0.2.1"
source = "registry+https://github.com/rust-lang/crates.io-index"
checksum = "16abd0c1b639e9eb4d7c50c0b8100b0d0f849be2349829c740fe8e6eb4816429"
dependencies = [
 "rand_core 0.5.1",
]

[[package]]
name = "redox_syscall"
version = "0.4.1"
source = "registry+https://github.com/rust-lang/crates.io-index"
checksum = "4722d768eff46b75989dd134e5c353f0d6296e5aaa3132e776cbdb56be7731aa"
dependencies = [
 "bitflags",
]

[[package]]
name = "regex"
version = "1.10.4"
source = "registry+https://github.com/rust-lang/crates.io-index"
checksum = "c117dbdfde9c8308975b6a18d71f3f385c89461f7b3fb054288ecf2a2058ba4c"
dependencies = [
 "aho-corasick",
 "memchr",
 "regex-automata",
 "regex-syntax",
]

[[package]]
name = "regex-automata"
version = "0.4.6"
source = "registry+https://github.com/rust-lang/crates.io-index"
checksum = "86b83b8b9847f9bf95ef68afb0b8e6cdb80f498442f5179a29fad448fcc1eaea"
dependencies = [
 "aho-corasick",
 "memchr",
 "regex-syntax",
]

[[package]]
name = "regex-syntax"
version = "0.8.3"
source = "registry+https://github.com/rust-lang/crates.io-index"
checksum = "adad44e29e4c806119491a7f06f03de4d1af22c3a680dd47f1e6e179439d1f56"

[[package]]
name = "rustc_version"
version = "0.4.0"
source = "registry+https://github.com/rust-lang/crates.io-index"
checksum = "bfa0f585226d2e68097d4f95d113b15b83a82e819ab25717ec0590d9584ef366"
dependencies = [
 "semver",
]

[[package]]
name = "ryu"
version = "1.0.17"
source = "registry+https://github.com/rust-lang/crates.io-index"
checksum = "e86697c916019a8588c99b5fac3cead74ec0b4b819707a682fd4d23fa0ce1ba1"

[[package]]
name = "same-file"
version = "1.0.6"
source = "registry+https://github.com/rust-lang/crates.io-index"
checksum = "93fc1dc3aaa9bfed95e02e6eadabb4baf7e3078b0bd1b4d7b6b0b68378900502"
dependencies = [
 "winapi-util",
]

[[package]]
name = "scopeguard"
version = "1.2.0"
source = "registry+https://github.com/rust-lang/crates.io-index"
checksum = "94143f37725109f92c262ed2cf5e59bce7498c01bcc1502d7b9afe439a4e9f49"

[[package]]
name = "scroll"
version = "0.10.2"
source = "registry+https://github.com/rust-lang/crates.io-index"
checksum = "fda28d4b4830b807a8b43f7b0e6b5df875311b3e7621d84577188c175b6ec1ec"
dependencies = [
 "scroll_derive",
]

[[package]]
name = "scroll_derive"
version = "0.10.5"
source = "registry+https://github.com/rust-lang/crates.io-index"
checksum = "aaaae8f38bb311444cfb7f1979af0bc9240d95795f75f9ceddf6a59b79ceffa0"
dependencies = [
 "proc-macro2",
 "quote",
 "syn 1.0.109",
]

[[package]]
name = "secp256k1"
version = "0.24.3"
source = "registry+https://github.com/rust-lang/crates.io-index"
checksum = "6b1629c9c557ef9b293568b338dddfc8208c98a18c59d722a9d53f859d9c9b62"
dependencies = [
 "secp256k1-sys",
]

[[package]]
name = "secp256k1-sys"
version = "0.6.1"
source = "registry+https://github.com/rust-lang/crates.io-index"
checksum = "83080e2c2fc1006e625be82e5d1eb6a43b7fd9578b617fcc55814daf286bba4b"
dependencies = [
 "cc",
]

[[package]]
name = "semver"
version = "1.0.22"
source = "registry+https://github.com/rust-lang/crates.io-index"
checksum = "92d43fe69e652f3df9bdc2b85b2854a0825b86e4fb76bc44d945137d053639ca"

[[package]]
name = "serde"
version = "1.0.197"
source = "registry+https://github.com/rust-lang/crates.io-index"
checksum = "3fb1c873e1b9b056a4dc4c0c198b24c3ffa059243875552b2bd0933b1aee4ce2"
dependencies = [
 "serde_derive",
]

[[package]]
name = "serde_derive"
version = "1.0.197"
source = "registry+https://github.com/rust-lang/crates.io-index"
checksum = "7eb0b34b42edc17f6b7cac84a52a1c5f0e1bb2227e997ca9011ea3dd34e8610b"
dependencies = [
 "proc-macro2",
 "quote",
 "syn 2.0.57",
]

[[package]]
name = "serde_json"
version = "1.0.115"
source = "registry+https://github.com/rust-lang/crates.io-index"
checksum = "12dc5c46daa8e9fdf4f5e71b6cf9a53f2487da0e86e55808e2d35539666497dd"
dependencies = [
 "itoa",
 "ryu",
 "serde",
]

[[package]]
name = "siphasher"
version = "0.3.11"
source = "registry+https://github.com/rust-lang/crates.io-index"
checksum = "38b58827f4464d87d377d175e90bf58eb00fd8716ff0a62f80356b5e61555d0d"

[[package]]
name = "smallvec"
version = "1.13.2"
source = "registry+https://github.com/rust-lang/crates.io-index"
checksum = "3c5e1a9a646d36c3599cd173a41282daf47c44583ad367b8e6837255952e5c67"

[[package]]
name = "syn"
version = "1.0.109"
source = "registry+https://github.com/rust-lang/crates.io-index"
checksum = "72b64191b275b66ffe2469e8af2c1cfe3bafa67b529ead792a6d0160888b4237"
dependencies = [
 "proc-macro2",
 "quote",
 "unicode-ident",
]

[[package]]
name = "syn"
version = "2.0.57"
source = "registry+https://github.com/rust-lang/crates.io-index"
checksum = "11a6ae1e52eb25aab8f3fb9fca13be982a373b8f1157ca14b897a825ba4a2d35"
dependencies = [
 "proc-macro2",
 "quote",
 "unicode-ident",
]

[[package]]
name = "tests"
version = "0.1.0"
dependencies = [
 "ckb-testtool",
 "serde_json",
]

[[package]]
name = "thiserror"
version = "1.0.58"
source = "registry+https://github.com/rust-lang/crates.io-index"
checksum = "03468839009160513471e86a034bb2c5c0e4baae3b43f79ffc55c4a5427b3297"
dependencies = [
 "thiserror-impl",
]

[[package]]
name = "thiserror-impl"
version = "1.0.58"
source = "registry+https://github.com/rust-lang/crates.io-index"
checksum = "c61f3ba182994efc43764a46c018c347bc492c79f024e705f46567b418f6d4f7"
dependencies = [
 "proc-macro2",
 "quote",
 "syn 2.0.57",
]

[[package]]
name = "toml"
version = "0.5.11"
source = "registry+https://github.com/rust-lang/crates.io-index"
checksum = "f4f7f0dd8d50a853a531c426359045b1998f04219d88799810762cd4ad314234"
dependencies = [
 "serde",
]

[[package]]
name = "unicode-ident"
version = "1.0.12"
source = "registry+https://github.com/rust-lang/crates.io-index"
checksum = "3354b9ac3fae1ff6755cb6db53683adb661634f67557942dea4facebec0fee4b"

[[package]]
name = "version_check"
version = "0.9.4"
source = "registry+https://github.com/rust-lang/crates.io-index"
checksum = "49874b5167b65d7193b8aba1567f5c7d93d001cafc34600cee003eda787e483f"

[[package]]
name = "walkdir"
version = "2.5.0"
source = "registry+https://github.com/rust-lang/crates.io-index"
checksum = "29790946404f91d9c5d06f9874efddea1dc06c5efe94541a7d6863108e3a5e4b"
dependencies = [
 "same-file",
 "winapi-util",
]

[[package]]
name = "wasi"
version = "0.9.0+wasi-snapshot-preview1"
source = "registry+https://github.com/rust-lang/crates.io-index"
checksum = "cccddf32554fecc6acb585f82a32a72e28b48f8c4c1883ddfeeeaa96f7d8e519"

[[package]]
name = "wasi"
version = "0.11.0+wasi-snapshot-preview1"
source = "registry+https://github.com/rust-lang/crates.io-index"
checksum = "9c8d87e72b64a3b4db28d11ce29237c246188f4f51057d65a7eab63b7987e423"

[[package]]
name = "winapi"
version = "0.3.9"
source = "registry+https://github.com/rust-lang/crates.io-index"
checksum = "5c839a674fcd7a98952e593242ea400abe93992746761e38641405d28b00f419"
dependencies = [
 "winapi-i686-pc-windows-gnu",
 "winapi-x86_64-pc-windows-gnu",
]

[[package]]
name = "winapi-i686-pc-windows-gnu"
version = "0.4.0"
source = "registry+https://github.com/rust-lang/crates.io-index"
checksum = "ac3b87c63620426dd9b991e5ce0329eff545bccbbb34f3be09ff6fb6ab51b7b6"

[[package]]
name = "winapi-util"
version = "0.1.6"
source = "registry+https://github.com/rust-lang/crates.io-index"
checksum = "f29e6f9198ba0d26b4c9f07dbe6f9ed633e1f3d5b8b414090084349e46a52596"
dependencies = [
 "winapi",
]

[[package]]
name = "winapi-x86_64-pc-windows-gnu"
version = "0.4.0"
source = "registry+https://github.com/rust-lang/crates.io-index"
checksum = "712e227841d057c1ee1cd2fb22fa7e5a5461ae8e48fa2ca79ec42cfc1931183f"

[[package]]
name = "windows-targets"
version = "0.48.5"
source = "registry+https://github.com/rust-lang/crates.io-index"
checksum = "9a2fa6e2155d7247be68c096456083145c183cbbbc2764150dda45a87197940c"
dependencies = [
 "windows_aarch64_gnullvm",
 "windows_aarch64_msvc",
 "windows_i686_gnu",
 "windows_i686_msvc",
 "windows_x86_64_gnu",
 "windows_x86_64_gnullvm",
 "windows_x86_64_msvc",
]

[[package]]
name = "windows_aarch64_gnullvm"
version = "0.48.5"
source = "registry+https://github.com/rust-lang/crates.io-index"
checksum = "2b38e32f0abccf9987a4e3079dfb67dcd799fb61361e53e2882c3cbaf0d905d8"

[[package]]
name = "windows_aarch64_msvc"
version = "0.48.5"
source = "registry+https://github.com/rust-lang/crates.io-index"
checksum = "dc35310971f3b2dbbf3f0690a219f40e2d9afcf64f9ab7cc1be722937c26b4bc"

[[package]]
name = "windows_i686_gnu"
version = "0.48.5"
source = "registry+https://github.com/rust-lang/crates.io-index"
checksum = "a75915e7def60c94dcef72200b9a8e58e5091744960da64ec734a6c6e9b3743e"

[[package]]
name = "windows_i686_msvc"
version = "0.48.5"
source = "registry+https://github.com/rust-lang/crates.io-index"
checksum = "8f55c233f70c4b27f66c523580f78f1004e8b5a8b659e05a4eb49d4166cca406"

[[package]]
name = "windows_x86_64_gnu"
version = "0.48.5"
source = "registry+https://github.com/rust-lang/crates.io-index"
checksum = "53d40abd2583d23e4718fddf1ebec84dbff8381c07cae67ff7768bbf19c6718e"

[[package]]
name = "windows_x86_64_gnullvm"
version = "0.48.5"
source = "registry+https://github.com/rust-lang/crates.io-index"
checksum = "0b7b52767868a23d5bab768e390dc5f5c55825b6d30b86c844ff2dc7414044cc"

[[package]]
name = "windows_x86_64_msvc"
version = "0.48.5"
source = "registry+https://github.com/rust-lang/crates.io-index"
checksum = "ed94fce61571a4006852b7389a063ab983c02eb1bb37b47f8272ce92d06d9538"
