# THIS IS AN AUTOGENERATED FILE. DO NOT EDIT THIS FILE DIRECTLY.
# yarn lockfile v1


"@ckb-js-std/bindings@0.1.0":
  version "0.1.0"
  resolved "https://registry.yarnpkg.com/@ckb-js-std/bindings/-/bindings-0.1.0.tgz#9022a49879ba4b12dc6f3090ba4ed3d14ee01362"
  integrity sha512-mlk10zuPwzA+9l19nh8vsJgZEuwArctZKHgzxbmhw5rwamATuxMWn1jWnXvyqwY9/nTUhkdcb0nxL7iWurzlzA==

"@ckb-js-std/bindings@^0.1.2":
  version "0.1.2"
  resolved "https://registry.yarnpkg.com/@ckb-js-std/bindings/-/bindings-0.1.2.tgz#4fd37c66c550aaca567c42717b01e87fda6af7ea"
  integrity sha512-1/OJ2XqD22odzomU68xqF1Dodfb4EFOF4I978BP2xTtb+CFtG/cj6qwATK20wtuzcGUC767UAR3uZ4mBThykOA==

"@ckb-js-std/core@^0.1.2":
  version "0.1.2"
  resolved "https://registry.yarnpkg.com/@ckb-js-std/core/-/core-0.1.2.tgz#01d7f4dd9d55e79141ff56cb28aa773215b8618c"
  integrity sha512-dHaFdoI8hAwrUjNygYUH5UYXmGM6RBK1DTWUPROkYkMOVYGpuPOB3D8cvIkumEPskmQnIm+7EgP2rTyJtuHAzQ==
  dependencies:
    "@ckb-js-std/bindings" "0.1.0"
